
Microsoft Visual Studio Solution File, Format Version 12.00
# Visual Studio Version 17
VisualStudioVersion = 17.5.33502.453
MinimumVisualStudioVersion = 10.0.40219.1
Project("{FAE04EC0-301F-11D3-BF4B-00C04F79EFBC}") = "ebay", "ebay\ebay.csproj", "{6AE98A4F-A1E0-4129-A261-436D45D02463}"
EndProject
Global
	GlobalSection(SolutionConfigurationPlatforms) = preSolution
		Debug|Any CPU = Debug|Any CPU
		Release|Any CPU = Release|Any CPU
	EndGlobalSection
	GlobalSection(ProjectConfigurationPlatforms) = postSolution
		{6AE98A4F-A1E0-4129-A261-436D45D02463}.Debug|Any CPU.ActiveCfg = Debug|Any CPU
		{6AE98A4F-A1E0-4129-A261-436D45D02463}.Debug|Any CPU.Build.0 = Debug|Any CPU
		{6AE98A4F-A1E0-4129-A261-436D45D02463}.Release|Any CPU.ActiveCfg = Release|Any CPU
		{6AE98A4F-A1E0-4129-A261-436D45D02463}.Release|Any CPU.Build.0 = Release|Any CPU
	EndGlobalSection
	GlobalSection(SolutionProperties) = preSolution
		HideSolutionNode = FALSE
	EndGlobalSection
	GlobalSection(ExtensibilityGlobals) = postSolution
		SolutionGuid = {11161CB9-5CF6-4E91-92AF-1E81A7AC9CA9}
	EndGlobalSection
EndGlobal
